
Microsoft Visual Studio Solution File, Format Version 12.00
# Visual Studio Version 16
VisualStudioVersion = 16.0.31727.386
MinimumVisualStudioVersion = 10.0.40219.1
Project("{9A19103F-16F7-4668-BE54-9A1E7A4F7556}") = "API", "API\API.csproj", "{B3742484-1F3A-41C5-A105-4D99A6EFAEEB}"
EndProject
Project("{FAE04EC0-301F-11D3-BF4B-00C04F79EFBC}") = "Client", "Client\Client.csproj", "{FBCB972E-A1F5-4BDA-A1DC-D4E50CC3572E}"
EndProject
Global
	GlobalSection(SolutionConfigurationPlatforms) = preSolution
		Debug|Any CPU = Debug|Any CPU
		Release|Any CPU = Release|Any CPU
	EndGlobalSection
	GlobalSection(ProjectConfigurationPlatforms) = postSolution
		{B3742484-1F3A-41C5-A105-4D99A6EFAEEB}.Debug|Any CPU.ActiveCfg = Debug|Any CPU
		{B3742484-1F3A-41C5-A105-4D99A6EFAEEB}.Debug|Any CPU.Build.0 = Debug|Any CPU
		{B3742484-1F3A-41C5-A105-4D99A6EFAEEB}.Release|Any CPU.ActiveCfg = Release|Any CPU
		{B3742484-1F3A-41C5-A105-4D99A6EFAEEB}.Release|Any CPU.Build.0 = Release|Any CPU
		{FBCB972E-A1F5-4BDA-A1DC-D4E50CC3572E}.Debug|Any CPU.ActiveCfg = Debug|Any CPU
		{FBCB972E-A1F5-4BDA-A1DC-D4E50CC3572E}.Debug|Any CPU.Build.0 = Debug|Any CPU
		{FBCB972E-A1F5-4BDA-A1DC-D4E50CC3572E}.Release|Any CPU.ActiveCfg = Release|Any CPU
		{FBCB972E-A1F5-4BDA-A1DC-D4E50CC3572E}.Release|Any CPU.Build.0 = Release|Any CPU
	EndGlobalSection
	GlobalSection(SolutionProperties) = preSolution
		HideSolutionNode = FALSE
	EndGlobalSection
	GlobalSection(ExtensibilityGlobals) = postSolution
		SolutionGuid = {6D78019F-7432-44CA-94D2-49A8A7A59F8B}
	EndGlobalSection
EndGlobal
